
Microsoft Visual Studio Solution File, Format Version 12.00
# Visual Studio Version 17
VisualStudioVersion = 17.14.36414.22 d17.14
MinimumVisualStudioVersion = 10.0.40219.1
Project("{FAE04EC0-301F-11D3-BF4B-00C04F79EFBC}") = "TMIAutomation", "TMIAutomation\TMIAutomation.csproj", "{29868CDC-424E-4E86-974E-635A1FBFD3D6}"
EndProject
Project("{2150E333-8FDC-42A3-9474-1A3956D46DE8}") = "Solution Items", "Solution Items", "{7EA91399-F224-49F9-95BD-63D13A14AA37}"
	ProjectSection(SolutionItems) = preProject
		.editorconfig = .editorconfig
	EndProjectSection
EndProject
Project("{FAE04EC0-301F-11D3-BF4B-00C04F79EFBC}") = "TMIAutomation.Runner", "TMIAutomation.Runner\TMIAutomation.Runner.csproj", "{2C07A0BA-5FE5-4E7B-9CB9-0095DF4DA06E}"
	ProjectSection(ProjectDependencies) = postProject
		{29868CDC-424E-4E86-974E-635A1FBFD3D6} = {29868CDC-424E-4E86-974E-635A1FBFD3D6}
		{6902AFEE-6620-49BC-AC98-91D494B019A1} = {6902AFEE-6620-49BC-AC98-91D494B019A1}
	EndProjectSection
EndProject
Project("{FAE04EC0-301F-11D3-BF4B-00C04F79EFBC}") = "TMIAutomation.Tests", "TMIAutomation.Tests\TMIAutomation.Tests.csproj", "{BDCE0C89-6913-4AE2-973B-F15DC6851F88}"
EndProject
Project("{FAE04EC0-301F-11D3-BF4B-00C04F79EFBC}") = "TMIAutomation.Language", "TMIAutomation.Language\TMIAutomation.Language.csproj", "{6902AFEE-6620-49BC-AC98-91D494B019A1}"
EndProject
Global
	GlobalSection(SolutionConfigurationPlatforms) = preSolution
		Debug-15.6|x64 = Debug-15.6|x64
		Debug-16.1|x64 = Debug-16.1|x64
		Debug-18.0|x64 = Debug-18.0|x64
		Release-15.6|x64 = Release-15.6|x64
		Release-16.1|x64 = Release-16.1|x64
	EndGlobalSection
	GlobalSection(ProjectConfigurationPlatforms) = postSolution
		{29868CDC-424E-4E86-974E-635A1FBFD3D6}.Debug-15.6|x64.ActiveCfg = Debug-15.6|x64
		{29868CDC-424E-4E86-974E-635A1FBFD3D6}.Debug-15.6|x64.Build.0 = Debug-15.6|x64
		{29868CDC-424E-4E86-974E-635A1FBFD3D6}.Debug-16.1|x64.ActiveCfg = Debug-16.1|x64
		{29868CDC-424E-4E86-974E-635A1FBFD3D6}.Debug-16.1|x64.Build.0 = Debug-16.1|x64
		{29868CDC-424E-4E86-974E-635A1FBFD3D6}.Debug-18.0|x64.ActiveCfg = Debug-18.0|x64
		{29868CDC-424E-4E86-974E-635A1FBFD3D6}.Debug-18.0|x64.Build.0 = Debug-18.0|x64
		{29868CDC-424E-4E86-974E-635A1FBFD3D6}.Release-15.6|x64.ActiveCfg = Release-15.6|x64
		{29868CDC-424E-4E86-974E-635A1FBFD3D6}.Release-15.6|x64.Build.0 = Release-15.6|x64
		{29868CDC-424E-4E86-974E-635A1FBFD3D6}.Release-16.1|x64.ActiveCfg = Release-16.1|x64
		{29868CDC-424E-4E86-974E-635A1FBFD3D6}.Release-16.1|x64.Build.0 = Release-16.1|x64
		{2C07A0BA-5FE5-4E7B-9CB9-0095DF4DA06E}.Debug-15.6|x64.ActiveCfg = Debug-15.6|x64
		{2C07A0BA-5FE5-4E7B-9CB9-0095DF4DA06E}.Debug-15.6|x64.Build.0 = Debug-15.6|x64
		{2C07A0BA-5FE5-4E7B-9CB9-0095DF4DA06E}.Debug-16.1|x64.ActiveCfg = Debug-16.1|x64
		{2C07A0BA-5FE5-4E7B-9CB9-0095DF4DA06E}.Debug-16.1|x64.Build.0 = Debug-16.1|x64
		{2C07A0BA-5FE5-4E7B-9CB9-0095DF4DA06E}.Debug-18.0|x64.ActiveCfg = Debug-18.0|x64
		{2C07A0BA-5FE5-4E7B-9CB9-0095DF4DA06E}.Debug-18.0|x64.Build.0 = Debug-18.0|x64
		{2C07A0BA-5FE5-4E7B-9CB9-0095DF4DA06E}.Release-15.6|x64.ActiveCfg = Release-15.6|x64
		{2C07A0BA-5FE5-4E7B-9CB9-0095DF4DA06E}.Release-16.1|x64.ActiveCfg = Release-16.1|x64
		{BDCE0C89-6913-4AE2-973B-F15DC6851F88}.Debug-15.6|x64.ActiveCfg = Debug-15.6|x64
		{BDCE0C89-6913-4AE2-973B-F15DC6851F88}.Debug-15.6|x64.Build.0 = Debug-15.6|x64
		{BDCE0C89-6913-4AE2-973B-F15DC6851F88}.Debug-16.1|x64.ActiveCfg = Debug-16.1|x64
		{BDCE0C89-6913-4AE2-973B-F15DC6851F88}.Debug-16.1|x64.Build.0 = Debug-16.1|x64
		{BDCE0C89-6913-4AE2-973B-F15DC6851F88}.Debug-18.0|x64.ActiveCfg = Debug-18.0|x64
		{BDCE0C89-6913-4AE2-973B-F15DC6851F88}.Debug-18.0|x64.Build.0 = Debug-18.0|x64
		{BDCE0C89-6913-4AE2-973B-F15DC6851F88}.Release-15.6|x64.ActiveCfg = Release-15.6|x64
		{BDCE0C89-6913-4AE2-973B-F15DC6851F88}.Release-16.1|x64.ActiveCfg = Release-16.1|x64
		{6902AFEE-6620-49BC-AC98-91D494B019A1}.Debug-15.6|x64.ActiveCfg = Debug-15.6|x64
		{6902AFEE-6620-49BC-AC98-91D494B019A1}.Debug-15.6|x64.Build.0 = Debug-15.6|x64
		{6902AFEE-6620-49BC-AC98-91D494B019A1}.Debug-16.1|x64.ActiveCfg = Debug-16.1|x64
		{6902AFEE-6620-49BC-AC98-91D494B019A1}.Debug-16.1|x64.Build.0 = Debug-16.1|x64
		{6902AFEE-6620-49BC-AC98-91D494B019A1}.Debug-18.0|x64.ActiveCfg = Debug-18.0|x64
		{6902AFEE-6620-49BC-AC98-91D494B019A1}.Debug-18.0|x64.Build.0 = Debug-18.0|x64
		{6902AFEE-6620-49BC-AC98-91D494B019A1}.Release-15.6|x64.ActiveCfg = Release-15.6|x64
		{6902AFEE-6620-49BC-AC98-91D494B019A1}.Release-15.6|x64.Build.0 = Release-15.6|x64
		{6902AFEE-6620-49BC-AC98-91D494B019A1}.Release-16.1|x64.ActiveCfg = Release-16.1|x64
		{6902AFEE-6620-49BC-AC98-91D494B019A1}.Release-16.1|x64.Build.0 = Release-16.1|x64
	EndGlobalSection
	GlobalSection(SolutionProperties) = preSolution
		HideSolutionNode = FALSE
	EndGlobalSection
	GlobalSection(ExtensibilityGlobals) = postSolution
		SolutionGuid = {20443104-045B-444F-B2EF-7B10029CFBED}
	EndGlobalSection
EndGlobal
