
Microsoft Visual Studio Solution File, Format Version 12.00
# Visual Studio Version 16
VisualStudioVersion = 16.0.31410.357
MinimumVisualStudioVersion = 10.0.40219.1
Project("{FAE04EC0-301F-11D3-BF4B-00C04F79EFBC}") = "TMIJunction", "TMIJunction.csproj", "{29868CDC-424E-4E86-974E-635A1FBFD3D6}"
EndProject
Project("{2150E333-8FDC-42A3-9474-1A3956D46DE8}") = "Solution Items", "Solution Items", "{7EA91399-F224-49F9-95BD-63D13A14AA37}"
	ProjectSection(SolutionItems) = preProject
		.editorconfig = .editorconfig
	EndProjectSection
EndProject
Global
	GlobalSection(SolutionConfigurationPlatforms) = preSolution
		Debug|x64 = Debug|x64
		Release|x64 = Release|x64
	EndGlobalSection
	GlobalSection(ProjectConfigurationPlatforms) = postSolution
		{29868CDC-424E-4E86-974E-635A1FBFD3D6}.Debug|x64.ActiveCfg = Debug|x64
		{29868CDC-424E-4E86-974E-635A1FBFD3D6}.Debug|x64.Build.0 = Debug|x64
		{29868CDC-424E-4E86-974E-635A1FBFD3D6}.Release|x64.ActiveCfg = Release|x64
		{29868CDC-424E-4E86-974E-635A1FBFD3D6}.Release|x64.Build.0 = Release|x64
	EndGlobalSection
	GlobalSection(SolutionProperties) = preSolution
		HideSolutionNode = FALSE
	EndGlobalSection
	GlobalSection(ExtensibilityGlobals) = postSolution
		SolutionGuid = {20443104-045B-444F-B2EF-7B10029CFBED}
	EndGlobalSection
EndGlobal
